
Microsoft Visual Studio Solution File, Format Version 12.00
# Visual Studio Version 17
VisualStudioVersion = 17.9.34728.123
MinimumVisualStudioVersion = 10.0.40219.1
Project("{9A19103F-16F7-4668-BE54-9A1E7A4F7556}") = "SportEventAppApi", "SportEventAppApi.csproj", "{AC70520F-2E4D-43D7-B984-FF4557FD8EF2}"
EndProject
Project("{FAE04EC0-301F-11D3-BF4B-00C04F79EFBC}") = "Managers", "..\Managers\Managers.csproj", "{D6A50D51-32A1-486A-8A02-EB811D2C0CFA}"
EndProject
Project("{FAE04EC0-301F-11D3-BF4B-00C04F79EFBC}") = "Infrastructure", "..\Infrastructure\Infrastructure.csproj", "{16626541-89B4-4167-B94E-FC771FB3582B}"
EndProject
Project("{FAE04EC0-301F-11D3-BF4B-00C04F79EFBC}") = "ApplicationCore", "..\ApplicationCore\ApplicationCore.csproj", "{2057E352-4D5B-4D4C-AD6E-27716BAC31A8}"
EndProject
Global
	GlobalSection(SolutionConfigurationPlatforms) = preSolution
		Debug|Any CPU = Debug|Any CPU
		Release|Any CPU = Release|Any CPU
	EndGlobalSection
	GlobalSection(ProjectConfigurationPlatforms) = postSolution
		{AC70520F-2E4D-43D7-B984-FF4557FD8EF2}.Debug|Any CPU.ActiveCfg = Debug|Any CPU
		{AC70520F-2E4D-43D7-B984-FF4557FD8EF2}.Debug|Any CPU.Build.0 = Debug|Any CPU
		{AC70520F-2E4D-43D7-B984-FF4557FD8EF2}.Release|Any CPU.ActiveCfg = Release|Any CPU
		{AC70520F-2E4D-43D7-B984-FF4557FD8EF2}.Release|Any CPU.Build.0 = Release|Any CPU
		{D6A50D51-32A1-486A-8A02-EB811D2C0CFA}.Debug|Any CPU.ActiveCfg = Debug|Any CPU
		{D6A50D51-32A1-486A-8A02-EB811D2C0CFA}.Debug|Any CPU.Build.0 = Debug|Any CPU
		{D6A50D51-32A1-486A-8A02-EB811D2C0CFA}.Release|Any CPU.ActiveCfg = Release|Any CPU
		{D6A50D51-32A1-486A-8A02-EB811D2C0CFA}.Release|Any CPU.Build.0 = Release|Any CPU
		{16626541-89B4-4167-B94E-FC771FB3582B}.Debug|Any CPU.ActiveCfg = Debug|Any CPU
		{16626541-89B4-4167-B94E-FC771FB3582B}.Debug|Any CPU.Build.0 = Debug|Any CPU
		{16626541-89B4-4167-B94E-FC771FB3582B}.Release|Any CPU.ActiveCfg = Release|Any CPU
		{16626541-89B4-4167-B94E-FC771FB3582B}.Release|Any CPU.Build.0 = Release|Any CPU
		{2057E352-4D5B-4D4C-AD6E-27716BAC31A8}.Debug|Any CPU.ActiveCfg = Debug|Any CPU
		{2057E352-4D5B-4D4C-AD6E-27716BAC31A8}.Debug|Any CPU.Build.0 = Debug|Any CPU
		{2057E352-4D5B-4D4C-AD6E-27716BAC31A8}.Release|Any CPU.ActiveCfg = Release|Any CPU
		{2057E352-4D5B-4D4C-AD6E-27716BAC31A8}.Release|Any CPU.Build.0 = Release|Any CPU
	EndGlobalSection
	GlobalSection(SolutionProperties) = preSolution
		HideSolutionNode = FALSE
	EndGlobalSection
	GlobalSection(ExtensibilityGlobals) = postSolution
		SolutionGuid = {5FD8E458-03B4-451A-BDB9-9AF9024986D3}
	EndGlobalSection
EndGlobal
